{
  "nodes": {
    "flake-compat": {
      "flake": false,
      "locked": {
        "lastModified": 1673956053,
        "narHash": "sha256-4gtG9iQuiKITOjNQQeQIpoIB6b16fm+504Ch3sNKLd8=",
        "owner": "edolstra",
        "repo": "flake-compat",
        "rev": "35bb57c0c8d8b62bbfd284272c928ceb64ddbde9",
        "type": "github"
      },
      "original": {
        "owner": "edolstra",
        "repo": "flake-compat",
        "type": "github"
      }
    },
    "flake-utils": {
      "locked": {
        "lastModified": 1667395993,
        "narHash": "sha256-nuEHfE/LcWyuSWnS8t12N1wc105Qtau+/OdUAjtQ0rA=",
        "owner": "numtide",
        "repo": "flake-utils",
        "rev": "5aed5285a952e0b949eb3ba02c12fa4fcfef535f",
        "type": "github"
      },
      "original": {
        "owner": "numtide",
        "repo": "flake-utils",
        "type": "github"
      }
    },
    "flake-utils_2": {
      "locked": {
        "lastModified": 1667395993,
        "narHash": "sha256-nuEHfE/LcWyuSWnS8t12N1wc105Qtau+/OdUAjtQ0rA=",
        "owner": "numtide",
        "repo": "flake-utils",
        "rev": "5aed5285a952e0b949eb3ba02c12fa4fcfef535f",
        "type": "github"
      },
      "original": {
        "owner": "numtide",
        "repo": "flake-utils",
        "type": "github"
      }
    },
    "home-manager": {
      "inputs": {
        "nixpkgs": [
          "nixpkgs"
        ],
        "utils": "utils"
      },
      "locked": {
        "lastModified": 1674771519,
        "narHash": "sha256-U0W3S1nX6yEvLh3Vq70EORbmXecAKXfmEfCfaA4A+I8=",
        "owner": "nix-community",
        "repo": "home-manager",
        "rev": "bb4b25b302dbf0f527f190461b080b5262871756",
        "type": "github"
      },
      "original": {
        "owner": "nix-community",
        "repo": "home-manager",
        "type": "github"
      }
    },
    "home-manager_2": {
      "inputs": {
        "nixpkgs": [
          "my-nixos",
          "nixpkgs"
        ],
        "utils": "utils_2"
      },
      "locked": {
        "lastModified": 1674771519,
        "narHash": "sha256-U0W3S1nX6yEvLh3Vq70EORbmXecAKXfmEfCfaA4A+I8=",
        "owner": "nix-community",
        "repo": "home-manager",
        "rev": "bb4b25b302dbf0f527f190461b080b5262871756",
        "type": "github"
      },
      "original": {
        "owner": "nix-community",
        "repo": "home-manager",
        "type": "github"
      }
    },
    "my-nixos": {
      "inputs": {
        "home-manager": "home-manager_2",
        "my-nvim": "my-nvim",
        "nixpkgs": "nixpkgs_2",
        "nur": "nur"
      },
      "locked": {
        "lastModified": 1674762453,
        "narHash": "sha256-8QU07thuiFSrFm6I8sOvOc2iQWLHlb/OKkeS5RdDWDw=",
        "type": "git",
        "url": "file:///home/nixos/git/nixos"
      },
      "original": {
        "type": "git",
        "url": "file:///home/nixos/git/nixos"
      }
    },
    "my-nvim": {
      "inputs": {
        "flake-utils": "flake-utils",
        "nixpkgs": "nixpkgs"
      },
      "locked": {
        "lastModified": 1674762549,
        "narHash": "sha256-YqNuRmSvVIo2oF6GzuU/iPhKrwVyYmpnBERjghjeCDg=",
        "type": "git",
        "url": "file:///home/nixos/git/nvim-conf"
      },
      "original": {
        "type": "git",
        "url": "file:///home/nixos/git/nvim-conf"
      }
    },
    "nixos-wsl": {
      "inputs": {
        "flake-compat": "flake-compat",
        "flake-utils": "flake-utils_2",
        "nixpkgs": "nixpkgs_3"
      },
      "locked": {
        "lastModified": 1674887006,
        "narHash": "sha256-dPHPxrZ6642Y46eqBMNGu61qQqGmwV7liZEyle6v0IU=",
        "owner": "nix-community",
        "repo": "NixOS-WSL",
        "rev": "14273c185311868e8525a0af3b5c93503e0f53e8",
        "type": "github"
      },
      "original": {
        "owner": "nix-community",
        "repo": "NixOS-WSL",
        "type": "github"
      }
    },
    "nixpkgs": {
      "locked": {
        "lastModified": 1674407282,
        "narHash": "sha256-2qwc8mrPINSFdWffPK+ji6nQ9aGnnZyHSItVcYDZDlk=",
        "owner": "NixOS",
        "repo": "nixpkgs",
        "rev": "ab1254087f4cdf4af74b552d7fc95175d9bdbb49",
        "type": "github"
      },
      "original": {
        "owner": "NixOS",
        "ref": "nixos-22.11",
        "repo": "nixpkgs",
        "type": "github"
      }
    },
    "nixpkgs_2": {
      "locked": {
        "lastModified": 1674641431,
        "narHash": "sha256-qfo19qVZBP4qn5M5gXc/h1MDgAtPA5VxJm9s8RUAkVk=",
        "owner": "nixos",
        "repo": "nixpkgs",
        "rev": "9b97ad7b4330aacda9b2343396eb3df8a853b4fc",
        "type": "github"
      },
      "original": {
        "owner": "nixos",
        "ref": "nixos-unstable",
        "repo": "nixpkgs",
        "type": "github"
      }
    },
    "nixpkgs_3": {
      "locked": {
        "lastModified": 1674242456,
        "narHash": "sha256-yBy7rCH7EiBe9+CHZm9YB5ii5GRa+MOxeW0oDEBO8SE=",
        "owner": "NixOS",
        "repo": "nixpkgs",
        "rev": "cdead16a444a3e5de7bc9b0af8e198b11bb01804",
        "type": "github"
      },
      "original": {
        "owner": "NixOS",
        "ref": "nixos-22.11",
        "repo": "nixpkgs",
        "type": "github"
      }
    },
    "nixpkgs_4": {
      "locked": {
        "lastModified": 1674868155,
        "narHash": "sha256-eFNm2h6fNbgD7ZpO4MHikCB5pSnCJ7DTmwPisjetmwc=",
        "owner": "NixOS",
        "repo": "nixpkgs",
        "rev": "ce20e9ebe1903ea2ba1ab006ec63093020c761cb",
        "type": "github"
      },
      "original": {
        "owner": "NixOS",
        "ref": "nixos-22.11",
        "repo": "nixpkgs",
        "type": "github"
      }
    },
    "nur": {
      "locked": {
        "lastModified": 1674920662,
        "narHash": "sha256-7Ld420jo1cCwNURdyq3nlCzG2vYa5PCURBYkFLkQbg8=",
        "owner": "nix-community",
        "repo": "NUR",
        "rev": "3f056601e64b94cbeb68138323b75d92615ac8d8",
        "type": "github"
      },
      "original": {
        "owner": "nix-community",
        "repo": "NUR",
        "type": "github"
      }
    },
    "root": {
      "inputs": {
        "home-manager": "home-manager",
        "my-nixos": "my-nixos",
        "nixos-wsl": "nixos-wsl",
        "nixpkgs": "nixpkgs_4"
      }
    },
    "utils": {
      "locked": {
        "lastModified": 1667395993,
        "narHash": "sha256-nuEHfE/LcWyuSWnS8t12N1wc105Qtau+/OdUAjtQ0rA=",
        "owner": "numtide",
        "repo": "flake-utils",
        "rev": "5aed5285a952e0b949eb3ba02c12fa4fcfef535f",
        "type": "github"
      },
      "original": {
        "owner": "numtide",
        "repo": "flake-utils",
        "type": "github"
      }
    },
    "utils_2": {
      "locked": {
        "lastModified": 1667395993,
        "narHash": "sha256-nuEHfE/LcWyuSWnS8t12N1wc105Qtau+/OdUAjtQ0rA=",
        "owner": "numtide",
        "repo": "flake-utils",
        "rev": "5aed5285a952e0b949eb3ba02c12fa4fcfef535f",
        "type": "github"
      },
      "original": {
        "owner": "numtide",
        "repo": "flake-utils",
        "type": "github"
      }
    }
  },
  "root": "root",
  "version": 7
}
